# THIS IS AN AUTOGENERATED FILE. DO NOT EDIT THIS FILE DIRECTLY.
# yarn lockfile v1


modulin-di@^1.0.1:
  version "1.0.1"
  resolved "https://registry.yarnpkg.com/modulin-di/-/modulin-di-1.0.1.tgz#7fcce10a0e970b084043ddc03b090f3e402ccbd1"
  dependencies:
    modulin-fetch "^1.0.1"

modulin-fetch@^1.0.1:
  version "1.0.1"
  resolved "https://registry.yarnpkg.com/modulin-fetch/-/modulin-fetch-1.0.1.tgz#57f64869c79ca196b462d30c1c8b7f79273236f5"

three@^0.85.2:
  version "0.85.2"
  resolved "https://registry.yarnpkg.com/three/-/three-0.85.2.tgz#8936f89c3668f7bf12f9b085ddf5dd409916ea27"
